Microsoft Visual Studio Solution File, Format Version 12.00
# Visual Studio Version 17
VisualStudioVersion = 17.14.35906.104
MinimumVisualStudioVersion = 10.0.40219.1
Project("{2150E333-8FDC-42A3-9474-1A3956D46DE8}") = ".github", ".github", "{02EA681E-C7D8-13C7-8484-4AC65E1B71E8}"
EndProject
Project("{2150E333-8FDC-42A3-9474-1A3956D46DE8}") = "workflows", "workflows", "{3929FBF6-EDA1-4CA7-8541-C460D0DCE449}"
	ProjectSection(SolutionItems) = preProject
		.github\workflows\build-release.yml = .github\workflows\build-release.yml
	EndProjectSection
EndProject
Project("{FAE04EC0-301F-11D3-BF4B-00C04F79EFBC}") = "Hexalith.MyNewPackage", "src\libraries\Hexalith.MyNewPackage\Hexalith.MyNewPackage.csproj", "{466549CC-5EDB-4881-F87F-C720AFD4D468}"
EndProject
Project("{2150E333-8FDC-42A3-9474-1A3956D46DE8}") = ".build", ".build", "{F9B9A5B1-8090-40C2-B46F-F4083B72C8BC}"
	ProjectSection(SolutionItems) = preProject
		Directory.Build.props = Directory.Build.props
		Directory.Packages.props = Directory.Packages.props
		package.json = package.json
	EndProjectSection
EndProject
Project("{FAE04EC0-301F-11D3-BF4B-00C04F79EFBC}") = "Hexalith.MyNewPackage.Tests", "test\Hexalith.MyNewPackage.Tests\Hexalith.MyNewPackage.Tests.csproj", "{A0520529-37CD-4558-8D3C-119DB006D10D}"
EndProject
Project("{2150E333-8FDC-42A3-9474-1A3956D46DE8}") = "src", "src", "{2E1479EA-06ED-4A69-8F50-F17804066FA6}"
	ProjectSection(SolutionItems) = preProject
		src\Directory.Build.props = src\Directory.Build.props
		src\README.md = src\README.md
	EndProjectSection
EndProject
Project("{2150E333-8FDC-42A3-9474-1A3956D46DE8}") = "test", "test", "{EDB74E69-759C-4EC4-911B-DF6D777A6CFA}"
	ProjectSection(SolutionItems) = preProject
		test\README.md = test\README.md
	EndProjectSection
EndProject
Project("{2150E333-8FDC-42A3-9474-1A3956D46DE8}") = ".project", ".project", "{597A1021-74C4-481C-993A-0AC1600514FB}"
	ProjectSection(SolutionItems) = preProject
		.gitignore = .gitignore
		.gitmodules = .gitmodules
		DOCUMENTATION.ai.md = DOCUMENTATION.ai.md
		initialize.ps1 = initialize.ps1
		LICENSE = LICENSE
		README.md = README.md
	EndProjectSection
EndProject
Project("{2150E333-8FDC-42A3-9474-1A3956D46DE8}") = "examples", "examples", "{3E198984-7A1D-4A63-BB49-FCF1B9AA5EF2}"
	ProjectSection(SolutionItems) = preProject
		src\examples\Directory.Build.Props = src\examples\Directory.Build.Props
		src\examples\README.md = src\examples\README.md
	EndProjectSection
EndProject
Project("{FAE04EC0-301F-11D3-BF4B-00C04F79EFBC}") = "Hexalith.MyNewPackage.Example", "src\examples\Hexalith.MyNewPackage.Example\Hexalith.MyNewPackage.Example.csproj", "{52A95C3D-7705-406D-B0F6-C49017FC525F}"
EndProject
Project("{FAE04EC0-301F-11D3-BF4B-00C04F79EFBC}") = "Hexalith.MyNewPackage.Abstractions", "src\libraries\Hexalith.MyNewPackage.Abstractions\Hexalith.MyNewPackage.Abstractions.csproj", "{CCA8A23F-D69E-76DE-5B35-3B61C3C9CE73}"
EndProject
Project("{2150E333-8FDC-42A3-9474-1A3956D46DE8}") = "libraries", "libraries", "{884D0EEB-6F10-4783-A58F-178A17DF1131}"
	ProjectSection(SolutionItems) = preProject
		src\libraries\Directory.Build.props = src\libraries\Directory.Build.props
		src\libraries\README.md = src\libraries\README.md
	EndProjectSection
EndProject
Project("{2150E333-8FDC-42A3-9474-1A3956D46DE8}") = "servers", "servers", "{339097B8-FCFF-4AD2-8535-C6FA645ED419}"
	ProjectSection(SolutionItems) = preProject
		src\servers\README.md = src\servers\README.md
	EndProjectSection
EndProject
Project("{2150E333-8FDC-42A3-9474-1A3956D46DE8}") = "aspire", "aspire", "{937479F4-6FD2-4D2B-8B2A-5BAEA8EA13B4}"
	ProjectSection(SolutionItems) = preProject
		src\aspire\README.md = src\aspire\README.md
	EndProjectSection
EndProject
Project("{2150E333-8FDC-42A3-9474-1A3956D46DE8}") = "Hexalith.Build", "Hexalith.Build", "{DA4446BE-296C-40E4-B0FF-05F9AF0F2502}"
	ProjectSection(SolutionItems) = preProject
		Hexalith.Builds\.clinerules = Hexalith.Builds\.clinerules
		Hexalith.Builds\.cursorrules = Hexalith.Builds\.cursorrules
		Hexalith.Builds\.git = Hexalith.Builds\.git
		Hexalith.Builds\.gitignore = Hexalith.Builds\.gitignore
		Hexalith.Builds\ai-assistant-instructions.md = Hexalith.Builds\ai-assistant-instructions.md
		Hexalith.Builds\ai-commit-prompt.md = Hexalith.Builds\ai-commit-prompt.md
		Hexalith.Builds\Hexalith.Build.props = Hexalith.Builds\Hexalith.Build.props
		Hexalith.Builds\Hexalith.globalconfig = Hexalith.Builds\Hexalith.globalconfig
		Hexalith.Builds\Hexalith.Package.props = Hexalith.Builds\Hexalith.Package.props
		Hexalith.Builds\LICENSE = Hexalith.Builds\LICENSE
		Hexalith.Builds\package.json = Hexalith.Builds\package.json
		Hexalith.Builds\README.md = Hexalith.Builds\README.md
		Hexalith.Builds\stylecop.json = Hexalith.Builds\stylecop.json
	EndProjectSection
EndProject
Project("{2150E333-8FDC-42A3-9474-1A3956D46DE8}") = "Props", "Props", "{361A8C05-7F6F-4BA3-8321-59A94294831A}"
	ProjectSection(SolutionItems) = preProject
		Hexalith.Builds\Props\Directory.Packages.props = Hexalith.Builds\Props\Directory.Packages.props
		Hexalith.Builds\Props\Environment.Build.props = Hexalith.Builds\Props\Environment.Build.props
	EndProjectSection
EndProject
Project("{2150E333-8FDC-42A3-9474-1A3956D46DE8}") = "AI", "AI", "{A52F7525-CCC2-40B5-8250-FC69502D355C}"
	ProjectSection(SolutionItems) = preProject
		Hexalith.Builds\AI\project-documentation.md = Hexalith.Builds\AI\project-documentation.md
	EndProjectSection
EndProject
Project("{2150E333-8FDC-42A3-9474-1A3956D46DE8}") = "workflows", "workflows", "{995F348D-8EAF-42B4-8838-A193F6026A9F}"
	ProjectSection(SolutionItems) = preProject
		Hexalith.Builds\.github\workflows\build-release.yml = Hexalith.Builds\.github\workflows\build-release.yml
		Hexalith.Builds\.github\workflows\copy-ai-assistant-instructions.yml = Hexalith.Builds\.github\workflows\copy-ai-assistant-instructions.yml
	EndProjectSection
EndProject
Project("{2150E333-8FDC-42A3-9474-1A3956D46DE8}") = "Github", "Github", "{538F6CF8-F1A1-4584-BE2E-AF2418F61641}"
EndProject
Project("{2150E333-8FDC-42A3-9474-1A3956D46DE8}") = "build-packages", "build-packages", "{217346B8-9657-42EB-8E1B-6A6380F0541D}"
	ProjectSection(SolutionItems) = preProject
		Hexalith.Builds\Github\build-packages\action.yml = Hexalith.Builds\Github\build-packages\action.yml
		Hexalith.Builds\Github\build-packages\README.md = Hexalith.Builds\Github\build-packages\README.md
	EndProjectSection
EndProject
Project("{2150E333-8FDC-42A3-9474-1A3956D46DE8}") = "create-release", "create-release", "{9DE3BC3E-7069-496D-9311-81FD60310CB8}"
	ProjectSection(SolutionItems) = preProject
		Hexalith.Builds\Github\create-release\action.yml = Hexalith.Builds\Github\create-release\action.yml
		Hexalith.Builds\Github\create-release\README.md = Hexalith.Builds\Github\create-release\README.md
	EndProjectSection
EndProject
Project("{2150E333-8FDC-42A3-9474-1A3956D46DE8}") = "initialize-build", "initialize-build", "{690C7D73-6ACA-4B2E-B409-EFC3683D965F}"
	ProjectSection(SolutionItems) = preProject
		Hexalith.Builds\Github\initialize-build\action.yml = Hexalith.Builds\Github\initialize-build\action.yml
		Hexalith.Builds\Github\initialize-build\README.md = Hexalith.Builds\Github\initialize-build\README.md
	EndProjectSection
EndProject
Project("{2150E333-8FDC-42A3-9474-1A3956D46DE8}") = "initialize-dotnet", "initialize-dotnet", "{CD53A571-C3BF-4868-AC98-FC8A650DEFA1}"
	ProjectSection(SolutionItems) = preProject
		Hexalith.Builds\Github\initialize-dotnet\action.yml = Hexalith.Builds\Github\initialize-dotnet\action.yml
		Hexalith.Builds\Github\initialize-dotnet\README.md = Hexalith.Builds\Github\initialize-dotnet\README.md
	EndProjectSection
EndProject
Project("{2150E333-8FDC-42A3-9474-1A3956D46DE8}") = "package-release", "package-release", "{B6CEE183-3E94-4891-BF6A-E5B8DD9DE0F0}"
	ProjectSection(SolutionItems) = preProject
		Hexalith.Builds\Github\package-release\action.yml = Hexalith.Builds\Github\package-release\action.yml
		Hexalith.Builds\Github\package-release\README.md = Hexalith.Builds\Github\package-release\README.md
	EndProjectSection
EndProject
Project("{2150E333-8FDC-42A3-9474-1A3956D46DE8}") = "publish-packages", "publish-packages", "{FE8D846B-B44B-4AE2-B1B9-4D63E4FCA806}"
	ProjectSection(SolutionItems) = preProject
		Hexalith.Builds\Github\publish-packages\action.yml = Hexalith.Builds\Github\publish-packages\action.yml
		Hexalith.Builds\Github\publish-packages\README.md = Hexalith.Builds\Github\publish-packages\README.md
	EndProjectSection
EndProject
Project("{2150E333-8FDC-42A3-9474-1A3956D46DE8}") = "unit-tests", "unit-tests", "{E8914570-4D90-4230-A8D0-06AD72AEA8DB}"
	ProjectSection(SolutionItems) = preProject
		Hexalith.Builds\Github\unit-tests\action.yml = Hexalith.Builds\Github\unit-tests\action.yml
		Hexalith.Builds\Github\unit-tests\README.md = Hexalith.Builds\Github\unit-tests\README.md
	EndProjectSection
EndProject
Project("{2150E333-8FDC-42A3-9474-1A3956D46DE8}") = "version", "version", "{6B54B06C-EFB1-4EF2-A5C7-BB62E19E7643}"
	ProjectSection(SolutionItems) = preProject
		Hexalith.Builds\Github\version\action.yml = Hexalith.Builds\Github\version\action.yml
		Hexalith.Builds\Github\version\README.md = Hexalith.Builds\Github\version\README.md
	EndProjectSection
EndProject
Project("{2150E333-8FDC-42A3-9474-1A3956D46DE8}") = "Tools", "Tools", "{401F4B14-7261-488A-A953-EDAE92B7C97C}"
	ProjectSection(SolutionItems) = preProject
		Hexalith.Builds\Tools\builds-submodule-init.ps1 = Hexalith.Builds\Tools\builds-submodule-init.ps1
		Hexalith.Builds\Tools\README.md = Hexalith.Builds\Tools\README.md
	EndProjectSection
EndProject
Global
	GlobalSection(SolutionConfigurationPlatforms) = preSolution
		Debug|Any CPU = Debug|Any CPU
		Release|Any CPU = Release|Any CPU
	EndGlobalSection
	GlobalSection(ProjectConfigurationPlatforms) = postSolution
		{466549CC-5EDB-4881-F87F-C720AFD4D468}.Debug|Any CPU.ActiveCfg = Debug|Any CPU
		{466549CC-5EDB-4881-F87F-C720AFD4D468}.Debug|Any CPU.Build.0 = Debug|Any CPU
		{466549CC-5EDB-4881-F87F-C720AFD4D468}.Release|Any CPU.ActiveCfg = Release|Any CPU
		{466549CC-5EDB-4881-F87F-C720AFD4D468}.Release|Any CPU.Build.0 = Release|Any CPU
		{A0520529-37CD-4558-8D3C-119DB006D10D}.Debug|Any CPU.ActiveCfg = Debug|Any CPU
		{A0520529-37CD-4558-8D3C-119DB006D10D}.Debug|Any CPU.Build.0 = Debug|Any CPU
		{A0520529-37CD-4558-8D3C-119DB006D10D}.Release|Any CPU.ActiveCfg = Release|Any CPU
		{A0520529-37CD-4558-8D3C-119DB006D10D}.Release|Any CPU.Build.0 = Release|Any CPU
		{52A95C3D-7705-406D-B0F6-C49017FC525F}.Debug|Any CPU.ActiveCfg = Debug|Any CPU
		{52A95C3D-7705-406D-B0F6-C49017FC525F}.Debug|Any CPU.Build.0 = Debug|Any CPU
		{52A95C3D-7705-406D-B0F6-C49017FC525F}.Release|Any CPU.ActiveCfg = Release|Any CPU
		{52A95C3D-7705-406D-B0F6-C49017FC525F}.Release|Any CPU.Build.0 = Release|Any CPU
		{CCA8A23F-D69E-76DE-5B35-3B61C3C9CE73}.Debug|Any CPU.ActiveCfg = Debug|Any CPU
		{CCA8A23F-D69E-76DE-5B35-3B61C3C9CE73}.Debug|Any CPU.Build.0 = Debug|Any CPU
		{CCA8A23F-D69E-76DE-5B35-3B61C3C9CE73}.Release|Any CPU.ActiveCfg = Release|Any CPU
		{CCA8A23F-D69E-76DE-5B35-3B61C3C9CE73}.Release|Any CPU.Build.0 = Release|Any CPU
	EndGlobalSection
	GlobalSection(SolutionProperties) = preSolution
		HideSolutionNode = FALSE
	EndGlobalSection
	GlobalSection(NestedProjects) = preSolution
		{3929FBF6-EDA1-4CA7-8541-C460D0DCE449} = {02EA681E-C7D8-13C7-8484-4AC65E1B71E8}
		{466549CC-5EDB-4881-F87F-C720AFD4D468} = {884D0EEB-6F10-4783-A58F-178A17DF1131}
		{A0520529-37CD-4558-8D3C-119DB006D10D} = {EDB74E69-759C-4EC4-911B-DF6D777A6CFA}
		{3E198984-7A1D-4A63-BB49-FCF1B9AA5EF2} = {2E1479EA-06ED-4A69-8F50-F17804066FA6}
		{52A95C3D-7705-406D-B0F6-C49017FC525F} = {3E198984-7A1D-4A63-BB49-FCF1B9AA5EF2}
		{CCA8A23F-D69E-76DE-5B35-3B61C3C9CE73} = {884D0EEB-6F10-4783-A58F-178A17DF1131}
		{884D0EEB-6F10-4783-A58F-178A17DF1131} = {2E1479EA-06ED-4A69-8F50-F17804066FA6}
		{339097B8-FCFF-4AD2-8535-C6FA645ED419} = {2E1479EA-06ED-4A69-8F50-F17804066FA6}
		{937479F4-6FD2-4D2B-8B2A-5BAEA8EA13B4} = {2E1479EA-06ED-4A69-8F50-F17804066FA6}
		{361A8C05-7F6F-4BA3-8321-59A94294831A} = {DA4446BE-296C-40E4-B0FF-05F9AF0F2502}
		{A52F7525-CCC2-40B5-8250-FC69502D355C} = {DA4446BE-296C-40E4-B0FF-05F9AF0F2502}
		{995F348D-8EAF-42B4-8838-A193F6026A9F} = {DA4446BE-296C-40E4-B0FF-05F9AF0F2502}
		{538F6CF8-F1A1-4584-BE2E-AF2418F61641} = {DA4446BE-296C-40E4-B0FF-05F9AF0F2502}
		{217346B8-9657-42EB-8E1B-6A6380F0541D} = {538F6CF8-F1A1-4584-BE2E-AF2418F61641}
		{9DE3BC3E-7069-496D-9311-81FD60310CB8} = {538F6CF8-F1A1-4584-BE2E-AF2418F61641}
		{690C7D73-6ACA-4B2E-B409-EFC3683D965F} = {538F6CF8-F1A1-4584-BE2E-AF2418F61641}
		{CD53A571-C3BF-4868-AC98-FC8A650DEFA1} = {538F6CF8-F1A1-4584-BE2E-AF2418F61641}
		{B6CEE183-3E94-4891-BF6A-E5B8DD9DE0F0} = {538F6CF8-F1A1-4584-BE2E-AF2418F61641}
		{FE8D846B-B44B-4AE2-B1B9-4D63E4FCA806} = {538F6CF8-F1A1-4584-BE2E-AF2418F61641}
		{E8914570-4D90-4230-A8D0-06AD72AEA8DB} = {538F6CF8-F1A1-4584-BE2E-AF2418F61641}
		{6B54B06C-EFB1-4EF2-A5C7-BB62E19E7643} = {538F6CF8-F1A1-4584-BE2E-AF2418F61641}
		{401F4B14-7261-488A-A953-EDAE92B7C97C} = {DA4446BE-296C-40E4-B0FF-05F9AF0F2502}
	EndGlobalSection
	GlobalSection(ExtensibilityGlobals) = postSolution
		SolutionGuid = {7B7376F4-B33A-4BC6-AFCA-C09B437568D7}
	EndGlobalSection
EndGlobal
